
Microsoft Visual Studio Solution File, Format Version 12.00
# Visual Studio Version 17
VisualStudioVersion = 17.9.34728.123
MinimumVisualStudioVersion = 10.0.40219.1
Project("{9A19103F-16F7-4668-BE54-9A1E7A4F7556}") = "Whos_There", "..\Whos_There\Whos_There\Whos_There.csproj", "{98DD94BD-E16A-46F4-A19A-B2CD94AE3B0E}"
EndProject
Project("{9A19103F-16F7-4668-BE54-9A1E7A4F7556}") = "whozthere_blazor", "whozthere_blazor\whozthere_blazor.csproj", "{97D477EA-1FE0-47AD-824F-12DC1D6EC070}"
EndProject
Project("{9A19103F-16F7-4668-BE54-9A1E7A4F7556}") = "whozthere_api", "whozthere_api\whozthere_api.csproj", "{9C2936FA-3D49-4C0C-887F-FE175CF45C1C}"
EndProject
Global
	GlobalSection(SolutionConfigurationPlatforms) = preSolution
		Debug|Any CPU = Debug|Any CPU
		Release|Any CPU = Release|Any CPU
	EndGlobalSection
	GlobalSection(ProjectConfigurationPlatforms) = postSolution
		{98DD94BD-E16A-46F4-A19A-B2CD94AE3B0E}.Debug|Any CPU.ActiveCfg = Debug|Any CPU
		{98DD94BD-E16A-46F4-A19A-B2CD94AE3B0E}.Debug|Any CPU.Build.0 = Debug|Any CPU
		{98DD94BD-E16A-46F4-A19A-B2CD94AE3B0E}.Release|Any CPU.ActiveCfg = Release|Any CPU
		{98DD94BD-E16A-46F4-A19A-B2CD94AE3B0E}.Release|Any CPU.Build.0 = Release|Any CPU
		{97D477EA-1FE0-47AD-824F-12DC1D6EC070}.Debug|Any CPU.ActiveCfg = Debug|Any CPU
		{97D477EA-1FE0-47AD-824F-12DC1D6EC070}.Debug|Any CPU.Build.0 = Debug|Any CPU
		{97D477EA-1FE0-47AD-824F-12DC1D6EC070}.Release|Any CPU.ActiveCfg = Release|Any CPU
		{97D477EA-1FE0-47AD-824F-12DC1D6EC070}.Release|Any CPU.Build.0 = Release|Any CPU
		{9C2936FA-3D49-4C0C-887F-FE175CF45C1C}.Debug|Any CPU.ActiveCfg = Debug|Any CPU
		{9C2936FA-3D49-4C0C-887F-FE175CF45C1C}.Debug|Any CPU.Build.0 = Debug|Any CPU
		{9C2936FA-3D49-4C0C-887F-FE175CF45C1C}.Release|Any CPU.ActiveCfg = Release|Any CPU
		{9C2936FA-3D49-4C0C-887F-FE175CF45C1C}.Release|Any CPU.Build.0 = Release|Any CPU
	EndGlobalSection
	GlobalSection(SolutionProperties) = preSolution
		HideSolutionNode = FALSE
	EndGlobalSection
	GlobalSection(ExtensibilityGlobals) = postSolution
		SolutionGuid = {366E7831-0B9B-4C33-B143-5DC81A5F5524}
	EndGlobalSection
EndGlobal
